
Microsoft Visual Studio Solution File, Format Version 12.00
# Visual Studio 15
VisualStudioVersion = 15.0.26124.0
MinimumVisualStudioVersion = 15.0.26124.0
Project("{9A19103F-16F7-4668-BE54-9A1E7A4F7556}") = "CadastrarMeApi.Web", "CadastrarMeApi.Web\CadastrarMeApi.Web.csproj", "{58A4DFFE-6E4A-447C-9461-84A16033C535}"
EndProject
Project("{9A19103F-16F7-4668-BE54-9A1E7A4F7556}") = "CadastrarMeApi.Infra", "CadastrarMeApi.Infra\CadastrarMeApi.Infra.csproj", "{F2A038BF-5B85-4F39-AD6F-A48826B694BF}"
EndProject
Project("{9A19103F-16F7-4668-BE54-9A1E7A4F7556}") = "CadastrarMeApi.Domain", "CadastrarMeApi.Domain\CadastrarMeApi.Domain.csproj", "{BE81EADE-61DA-47FA-A133-8FC25BA2FED0}"
EndProject
Project("{9A19103F-16F7-4668-BE54-9A1E7A4F7556}") = "CadastrarMeApi.ApplicationService", "CadastrarMeApi.ApplicationService\CadastrarMeApi.ApplicationService.csproj", "{7890B215-EECD-45BE-B580-371EB41C7AA4}"
EndProject
Project("{FAE04EC0-301F-11D3-BF4B-00C04F79EFBC}") = "CadastrarMeApi.Tests", "CadastrarMeApi.Tests\CadastrarMeApi.Tests.csproj", "{E86EE709-D41D-49C2-8A10-F21DD572D7E6}"
EndProject
Global
	GlobalSection(SolutionConfigurationPlatforms) = preSolution
		Debug|Any CPU = Debug|Any CPU
		Debug|x64 = Debug|x64
		Debug|x86 = Debug|x86
		Release|Any CPU = Release|Any CPU
		Release|x64 = Release|x64
		Release|x86 = Release|x86
	EndGlobalSection
	GlobalSection(ProjectConfigurationPlatforms) = postSolution
		{58A4DFFE-6E4A-447C-9461-84A16033C535}.Debug|Any CPU.ActiveCfg = Debug|Any CPU
		{58A4DFFE-6E4A-447C-9461-84A16033C535}.Debug|Any CPU.Build.0 = Debug|Any CPU
		{58A4DFFE-6E4A-447C-9461-84A16033C535}.Debug|x64.ActiveCfg = Debug|Any CPU
		{58A4DFFE-6E4A-447C-9461-84A16033C535}.Debug|x64.Build.0 = Debug|Any CPU
		{58A4DFFE-6E4A-447C-9461-84A16033C535}.Debug|x86.ActiveCfg = Debug|Any CPU
		{58A4DFFE-6E4A-447C-9461-84A16033C535}.Debug|x86.Build.0 = Debug|Any CPU
		{58A4DFFE-6E4A-447C-9461-84A16033C535}.Release|Any CPU.ActiveCfg = Release|Any CPU
		{58A4DFFE-6E4A-447C-9461-84A16033C535}.Release|Any CPU.Build.0 = Release|Any CPU
		{58A4DFFE-6E4A-447C-9461-84A16033C535}.Release|x64.ActiveCfg = Release|Any CPU
		{58A4DFFE-6E4A-447C-9461-84A16033C535}.Release|x64.Build.0 = Release|Any CPU
		{58A4DFFE-6E4A-447C-9461-84A16033C535}.Release|x86.ActiveCfg = Release|Any CPU
		{58A4DFFE-6E4A-447C-9461-84A16033C535}.Release|x86.Build.0 = Release|Any CPU
		{F2A038BF-5B85-4F39-AD6F-A48826B694BF}.Debug|Any CPU.ActiveCfg = Debug|Any CPU
		{F2A038BF-5B85-4F39-AD6F-A48826B694BF}.Debug|Any CPU.Build.0 = Debug|Any CPU
		{F2A038BF-5B85-4F39-AD6F-A48826B694BF}.Debug|x64.ActiveCfg = Debug|Any CPU
		{F2A038BF-5B85-4F39-AD6F-A48826B694BF}.Debug|x64.Build.0 = Debug|Any CPU
		{F2A038BF-5B85-4F39-AD6F-A48826B694BF}.Debug|x86.ActiveCfg = Debug|Any CPU
		{F2A038BF-5B85-4F39-AD6F-A48826B694BF}.Debug|x86.Build.0 = Debug|Any CPU
		{F2A038BF-5B85-4F39-AD6F-A48826B694BF}.Release|Any CPU.ActiveCfg = Release|Any CPU
		{F2A038BF-5B85-4F39-AD6F-A48826B694BF}.Release|Any CPU.Build.0 = Release|Any CPU
		{F2A038BF-5B85-4F39-AD6F-A48826B694BF}.Release|x64.ActiveCfg = Release|Any CPU
		{F2A038BF-5B85-4F39-AD6F-A48826B694BF}.Release|x64.Build.0 = Release|Any CPU
		{F2A038BF-5B85-4F39-AD6F-A48826B694BF}.Release|x86.ActiveCfg = Release|Any CPU
		{F2A038BF-5B85-4F39-AD6F-A48826B694BF}.Release|x86.Build.0 = Release|Any CPU
		{BE81EADE-61DA-47FA-A133-8FC25BA2FED0}.Debug|Any CPU.ActiveCfg = Debug|Any CPU
		{BE81EADE-61DA-47FA-A133-8FC25BA2FED0}.Debug|Any CPU.Build.0 = Debug|Any CPU
		{BE81EADE-61DA-47FA-A133-8FC25BA2FED0}.Debug|x64.ActiveCfg = Debug|Any CPU
		{BE81EADE-61DA-47FA-A133-8FC25BA2FED0}.Debug|x64.Build.0 = Debug|Any CPU
		{BE81EADE-61DA-47FA-A133-8FC25BA2FED0}.Debug|x86.ActiveCfg = Debug|Any CPU
		{BE81EADE-61DA-47FA-A133-8FC25BA2FED0}.Debug|x86.Build.0 = Debug|Any CPU
		{BE81EADE-61DA-47FA-A133-8FC25BA2FED0}.Release|Any CPU.ActiveCfg = Release|Any CPU
		{BE81EADE-61DA-47FA-A133-8FC25BA2FED0}.Release|Any CPU.Build.0 = Release|Any CPU
		{BE81EADE-61DA-47FA-A133-8FC25BA2FED0}.Release|x64.ActiveCfg = Release|Any CPU
		{BE81EADE-61DA-47FA-A133-8FC25BA2FED0}.Release|x64.Build.0 = Release|Any CPU
		{BE81EADE-61DA-47FA-A133-8FC25BA2FED0}.Release|x86.ActiveCfg = Release|Any CPU
		{BE81EADE-61DA-47FA-A133-8FC25BA2FED0}.Release|x86.Build.0 = Release|Any CPU
		{7890B215-EECD-45BE-B580-371EB41C7AA4}.Debug|Any CPU.ActiveCfg = Debug|Any CPU
		{7890B215-EECD-45BE-B580-371EB41C7AA4}.Debug|Any CPU.Build.0 = Debug|Any CPU
		{7890B215-EECD-45BE-B580-371EB41C7AA4}.Debug|x64.ActiveCfg = Debug|Any CPU
		{7890B215-EECD-45BE-B580-371EB41C7AA4}.Debug|x64.Build.0 = Debug|Any CPU
		{7890B215-EECD-45BE-B580-371EB41C7AA4}.Debug|x86.ActiveCfg = Debug|Any CPU
		{7890B215-EECD-45BE-B580-371EB41C7AA4}.Debug|x86.Build.0 = Debug|Any CPU
		{7890B215-EECD-45BE-B580-371EB41C7AA4}.Release|Any CPU.ActiveCfg = Release|Any CPU
		{7890B215-EECD-45BE-B580-371EB41C7AA4}.Release|Any CPU.Build.0 = Release|Any CPU
		{7890B215-EECD-45BE-B580-371EB41C7AA4}.Release|x64.ActiveCfg = Release|Any CPU
		{7890B215-EECD-45BE-B580-371EB41C7AA4}.Release|x64.Build.0 = Release|Any CPU
		{7890B215-EECD-45BE-B580-371EB41C7AA4}.Release|x86.ActiveCfg = Release|Any CPU
		{7890B215-EECD-45BE-B580-371EB41C7AA4}.Release|x86.Build.0 = Release|Any CPU
		{E1182D83-D87A-442B-813F-14B751A25C7C}.Debug|Any CPU.ActiveCfg = Debug|Any CPU
		{E1182D83-D87A-442B-813F-14B751A25C7C}.Debug|Any CPU.Build.0 = Debug|Any CPU
		{E1182D83-D87A-442B-813F-14B751A25C7C}.Debug|x64.ActiveCfg = Debug|Any CPU
		{E1182D83-D87A-442B-813F-14B751A25C7C}.Debug|x64.Build.0 = Debug|Any CPU
		{E1182D83-D87A-442B-813F-14B751A25C7C}.Debug|x86.ActiveCfg = Debug|Any CPU
		{E1182D83-D87A-442B-813F-14B751A25C7C}.Debug|x86.Build.0 = Debug|Any CPU
		{E1182D83-D87A-442B-813F-14B751A25C7C}.Release|Any CPU.ActiveCfg = Release|Any CPU
		{E1182D83-D87A-442B-813F-14B751A25C7C}.Release|Any CPU.Build.0 = Release|Any CPU
		{E1182D83-D87A-442B-813F-14B751A25C7C}.Release|x64.ActiveCfg = Release|Any CPU
		{E1182D83-D87A-442B-813F-14B751A25C7C}.Release|x64.Build.0 = Release|Any CPU
		{E1182D83-D87A-442B-813F-14B751A25C7C}.Release|x86.ActiveCfg = Release|Any CPU
		{E1182D83-D87A-442B-813F-14B751A25C7C}.Release|x86.Build.0 = Release|Any CPU
		{E86EE709-D41D-49C2-8A10-F21DD572D7E6}.Debug|Any CPU.ActiveCfg = Debug|Any CPU
		{E86EE709-D41D-49C2-8A10-F21DD572D7E6}.Debug|Any CPU.Build.0 = Debug|Any CPU
		{E86EE709-D41D-49C2-8A10-F21DD572D7E6}.Debug|x64.ActiveCfg = Debug|Any CPU
		{E86EE709-D41D-49C2-8A10-F21DD572D7E6}.Debug|x64.Build.0 = Debug|Any CPU
		{E86EE709-D41D-49C2-8A10-F21DD572D7E6}.Debug|x86.ActiveCfg = Debug|Any CPU
		{E86EE709-D41D-49C2-8A10-F21DD572D7E6}.Debug|x86.Build.0 = Debug|Any CPU
		{E86EE709-D41D-49C2-8A10-F21DD572D7E6}.Release|Any CPU.ActiveCfg = Release|Any CPU
		{E86EE709-D41D-49C2-8A10-F21DD572D7E6}.Release|Any CPU.Build.0 = Release|Any CPU
		{E86EE709-D41D-49C2-8A10-F21DD572D7E6}.Release|x64.ActiveCfg = Release|Any CPU
		{E86EE709-D41D-49C2-8A10-F21DD572D7E6}.Release|x64.Build.0 = Release|Any CPU
		{E86EE709-D41D-49C2-8A10-F21DD572D7E6}.Release|x86.ActiveCfg = Release|Any CPU
		{E86EE709-D41D-49C2-8A10-F21DD572D7E6}.Release|x86.Build.0 = Release|Any CPU
	EndGlobalSection
	GlobalSection(SolutionProperties) = preSolution
		HideSolutionNode = FALSE
	EndGlobalSection
	GlobalSection(ExtensibilityGlobals) = postSolution
		SolutionGuid = {5BA6721A-2216-4347-A1E0-22DC86FC8887}
	EndGlobalSection
EndGlobal
